{
  "name": "compo",
  "version": "0.0.0",
  "lockfileVersion": 2,
  "requires": true,
  "packages": {
    "": {
      "version": "0.0.0",
      "license": "MIT",
      "dependencies": {
        "atem-connection": "^2.2.2",
        "hjson": "^3.2.2",
        "obs-websocket-js": "^4.0.2",
        "vex-tm-client": "^0.0.1"
      }
    },
    "node_modules/@types/cheerio": {
      "version": "0.22.28",
      "resolved": "https://registry.npmjs.org/@types/cheerio/-/cheerio-0.22.28.tgz",
      "integrity": "sha512-ehUMGSW5IeDxJjbru4awKYMlKGmo1wSSGUVqXtYwlgmUM8X1a0PZttEIm6yEY7vHsY/hh6iPnklF213G0UColw==",
      "dependencies": {
        "@types/node": "*"
      }
    },
    "node_modules/@types/node": {
      "version": "15.3.0",
      "resolved": "https://registry.npmjs.org/@types/node/-/node-15.3.0.tgz",
      "integrity": "sha512-8/bnjSZD86ZfpBsDlCIkNXIvm+h6wi9g7IqL+kmFkQ+Wvu3JrasgLElfiPgoo8V8vVfnEi0QVS12gbl94h9YsQ=="
    },
    "node_modules/@types/node-fetch": {
      "version": "2.5.10",
      "resolved": "https://registry.npmjs.org/@types/node-fetch/-/node-fetch-2.5.10.tgz",
      "integrity": "sha512-IpkX0AasN44hgEad0gEF/V6EgR5n69VEqPEgnmoM8GsIGro3PowbWs4tR6IhxUTyPLpOn+fiGG6nrQhcmoCuIQ==",
      "dependencies": {
        "@types/node": "*",
        "form-data": "^3.0.0"
      }
    },
    "node_modules/@types/ws": {
      "version": "7.4.4",
      "resolved": "https://registry.npmjs.org/@types/ws/-/ws-7.4.4.tgz",
      "integrity": "sha512-d/7W23JAXPodQNbOZNXvl2K+bqAQrCMwlh/nuQsPSQk6Fq0opHoPrUw43aHsvSbIiQPr8Of2hkFbnz1XBFVyZQ==",
      "dependencies": {
        "@types/node": "*"
      }
    },
    "node_modules/alawmulaw": {
      "version": "5.0.2",
      "resolved": "https://registry.npmjs.org/alawmulaw/-/alawmulaw-5.0.2.tgz",
      "integrity": "sha512-W3bWBB7MwTNGALlAKbOxe+tMNW9DpqGsv1V1idGPzctnBH++eS+Dx3UuucHNe5nk38WvAuy0sgMAbS5idHCArw==",
      "engines": {
        "node": ">=8"
      }
    },
    "node_modules/asynckit": {
      "version": "0.4.0",
      "resolved": "https://registry.npmjs.org/asynckit/-/asynckit-0.4.0.tgz",
      "integrity": "sha1-x57Zf380y48robyXkLzDZkdLS3k="
    },
    "node_modules/atem-connection": {
      "version": "2.2.2",
      "resolved": "https://registry.npmjs.org/atem-connection/-/atem-connection-2.2.2.tgz",
      "integrity": "sha512-p/Diwsjymv1y7FvBzDSY4Yq06+8vZ03QEoxrcoFlNrYI6WCsCt64MeoBAQu5TEExGXLwffksQyyXbQUOEU4qNw==",
      "dependencies": {
        "big-integer": "^1.6.48",
        "eventemitter3": "^4.0.4",
        "exit-hook": "^2.0.0",
        "nanotimer": "^0.3.15",
        "threadedclass": "^0.8.0",
        "tslib": "^1.13.0",
        "wavefile": "^8.4.4"
      },
      "engines": {
        "node": ">=8.10"
      }
    },
    "node_modules/atem-connection/node_modules/tslib": {
      "version": "1.14.1",
      "resolved": "https://registry.npmjs.org/tslib/-/tslib-1.14.1.tgz",
      "integrity": "sha512-Xni35NKzjgMrwevysHTCArtLDpPvye8zV/0E4EyYn43P7/7qvQwPh9BGkHewbMulVntbigmcT7rdX3BNo9wRJg=="
    },
    "node_modules/base64-arraybuffer-es6": {
      "version": "0.3.1",
      "resolved": "https://registry.npmjs.org/base64-arraybuffer-es6/-/base64-arraybuffer-es6-0.3.1.tgz",
      "integrity": "sha512-TrhBheudYaff9adiTAqjSScjvtmClQ4vF9l4cqkPNkVsA11m4/NRdH4LkZ/tAMmpzzwfI20BXnJ/PTtafECCNA==",
      "engines": {
        "node": ">= 0.6.0"
      }
    },
    "node_modules/big-integer": {
      "version": "1.6.48",
      "resolved": "https://registry.npmjs.org/big-integer/-/big-integer-1.6.48.tgz",
      "integrity": "sha512-j51egjPa7/i+RdiRuJbPdJ2FIUYYPhvYLjzoYbcMMm62ooO6F94fETG4MTs46zPAF9Brs04OajboA/qTGuz78w==",
      "engines": {
        "node": ">=0.6"
      }
    },
    "node_modules/bitdepth": {
      "version": "7.0.2",
      "resolved": "https://registry.npmjs.org/bitdepth/-/bitdepth-7.0.2.tgz",
      "integrity": "sha512-Ed11TL4IIWyUEoQTfkbRBDCgDNurxYzFgmk30ZU6SgNCsysoEx7UMm+g7SDFHxA2lhLbWyjV8T1ab3z0BtYOAw==",
      "engines": {
        "node": ">=8"
      }
    },
    "node_modules/boolbase": {
      "version": "1.0.0",
      "resolved": "https://registry.npmjs.org/boolbase/-/boolbase-1.0.0.tgz",
      "integrity": "sha1-aN/1++YMUes3cl6p4+0xDcwed24="
    },
    "node_modules/byte-data": {
      "version": "16.0.3",
      "resolved": "https://registry.npmjs.org/byte-data/-/byte-data-16.0.3.tgz",
      "integrity": "sha512-IzV3mzv8OnnzPdb9CoESQr2ikPX/gkHUesRu+vff9XB7KwMxyflPDewtPFWXPvF+Xukl52ceor2IRLbnQZf3PQ==",
      "dependencies": {
        "endianness": "^8.0.2",
        "ieee754-buffer": "^0.2.1",
        "twos-complement-buffer": "0.0.1",
        "uint-buffer": "^0.1.0",
        "utf8-buffer": "^0.2.0"
      },
      "engines": {
        "node": ">=8"
      }
    },
    "node_modules/callsites": {
      "version": "3.1.0",
      "resolved": "https://registry.npmjs.org/callsites/-/callsites-3.1.0.tgz",
      "integrity": "sha512-P8BjAsXvZS+VIDUI11hHCQEv74YT67YUi5JJFNWIqL235sBmjX4+qx9Muvls5ivyNENctx46xQLQ3aTuE7ssaQ==",
      "engines": {
        "node": ">=6"
      }
    },
    "node_modules/cheerio": {
      "version": "1.0.0-rc.9",
      "resolved": "https://registry.npmjs.org/cheerio/-/cheerio-1.0.0-rc.9.tgz",
      "integrity": "sha512-QF6XVdrLONO6DXRF5iaolY+odmhj2CLj+xzNod7INPWMi/x9X4SOylH0S/vaPpX+AUU6t04s34SQNh7DbkuCng==",
      "dependencies": {
        "cheerio-select": "^1.4.0",
        "dom-serializer": "^1.3.1",
        "domhandler": "^4.2.0",
        "htmlparser2": "^6.1.0",
        "parse5": "^6.0.1",
        "parse5-htmlparser2-tree-adapter": "^6.0.1",
        "tslib": "^2.2.0"
      },
      "engines": {
        "node": ">= 6"
      },
      "funding": {
        "url": "https://github.com/cheeriojs/cheerio?sponsor=1"
      }
    },
    "node_modules/cheerio-select": {
      "version": "1.4.0",
      "resolved": "https://registry.npmjs.org/cheerio-select/-/cheerio-select-1.4.0.tgz",
      "integrity": "sha512-sobR3Yqz27L553Qa7cK6rtJlMDbiKPdNywtR95Sj/YgfpLfy0u6CGJuaBKe5YE/vTc23SCRKxWSdlon/w6I/Ew==",
      "dependencies": {
        "css-select": "^4.1.2",
        "css-what": "^5.0.0",
        "domelementtype": "^2.2.0",
        "domhandler": "^4.2.0",
        "domutils": "^2.6.0"
      },
      "funding": {
        "url": "https://github.com/sponsors/fb55"
      }
    },
    "node_modules/combined-stream": {
      "version": "1.0.8",
      "resolved": "https://registry.npmjs.org/combined-stream/-/combined-stream-1.0.8.tgz",
      "integrity": "sha512-FQN4MRfuJeHf7cBbBMJFXhKSDq+2kAArBlmRBvcvFE5BB1HZKXtSFASDhdlz9zOYwxh8lDdnvmMOe/+5cdoEdg==",
      "dependencies": {
        "delayed-stream": "~1.0.0"
      },
      "engines": {
        "node": ">= 0.8"
      }
    },
    "node_modules/css-select": {
      "version": "4.1.2",
      "resolved": "https://registry.npmjs.org/css-select/-/css-select-4.1.2.tgz",
      "integrity": "sha512-nu5ye2Hg/4ISq4XqdLY2bEatAcLIdt3OYGFc9Tm9n7VSlFBcfRv0gBNksHRgSdUDQGtN3XrZ94ztW+NfzkFSUw==",
      "dependencies": {
        "boolbase": "^1.0.0",
        "css-what": "^5.0.0",
        "domhandler": "^4.2.0",
        "domutils": "^2.6.0",
        "nth-check": "^2.0.0"
      },
      "funding": {
        "url": "https://github.com/sponsors/fb55"
      }
    },
    "node_modules/css-what": {
      "version": "5.0.0",
      "resolved": "https://registry.npmjs.org/css-what/-/css-what-5.0.0.tgz",
      "integrity": "sha512-qxyKHQvgKwzwDWC/rGbT821eJalfupxYW2qbSJSAtdSTimsr/MlaGONoNLllaUPZWf8QnbcKM/kPVYUQuEKAFA==",
      "engines": {
        "node": ">= 6"
      },
      "funding": {
        "url": "https://github.com/sponsors/fb55"
      }
    },
    "node_modules/debug": {
      "version": "4.3.1",
      "resolved": "https://registry.npmjs.org/debug/-/debug-4.3.1.tgz",
      "integrity": "sha512-doEwdvm4PCeK4K3RQN2ZC2BYUBaxwLARCqZmMjtF8a51J2Rb0xpVloFRnCODwqjpwnAoao4pelN8l3RJdv3gRQ==",
      "dependencies": {
        "ms": "2.1.2"
      },
      "engines": {
        "node": ">=6.0"
      },
      "peerDependenciesMeta": {
        "supports-color": {
          "optional": true
        }
      }
    },
    "node_modules/delayed-stream": {
      "version": "1.0.0",
      "resolved": "https://registry.npmjs.org/delayed-stream/-/delayed-stream-1.0.0.tgz",
      "integrity": "sha1-3zrhmayt+31ECqrgsp4icrJOxhk=",
      "engines": {
        "node": ">=0.4.0"
      }
    },
    "node_modules/dom-serializer": {
      "version": "1.3.2",
      "resolved": "https://registry.npmjs.org/dom-serializer/-/dom-serializer-1.3.2.tgz",
      "integrity": "sha512-5c54Bk5Dw4qAxNOI1pFEizPSjVsx5+bpJKmL2kPn8JhBUq2q09tTCa3mjijun2NfK78NMouDYNMBkOrPZiS+ig==",
      "dependencies": {
        "domelementtype": "^2.0.1",
        "domhandler": "^4.2.0",
        "entities": "^2.0.0"
      },
      "funding": {
        "url": "https://github.com/cheeriojs/dom-serializer?sponsor=1"
      }
    },
    "node_modules/domelementtype": {
      "version": "2.2.0",
      "resolved": "https://registry.npmjs.org/domelementtype/-/domelementtype-2.2.0.tgz",
      "integrity": "sha512-DtBMo82pv1dFtUmHyr48beiuq792Sxohr+8Hm9zoxklYPfa6n0Z3Byjj2IV7bmr2IyqClnqEQhfgHJJ5QF0R5A==",
      "funding": [
        {
          "type": "github",
          "url": "https://github.com/sponsors/fb55"
        }
      ]
    },
    "node_modules/domhandler": {
      "version": "4.2.0",
      "resolved": "https://registry.npmjs.org/domhandler/-/domhandler-4.2.0.tgz",
      "integrity": "sha512-zk7sgt970kzPks2Bf+dwT/PLzghLnsivb9CcxkvR8Mzr66Olr0Ofd8neSbglHJHaHa2MadfoSdNlKYAaafmWfA==",
      "dependencies": {
        "domelementtype": "^2.2.0"
      },
      "engines": {
        "node": ">= 4"
      },
      "funding": {
        "url": "https://github.com/fb55/domhandler?sponsor=1"
      }
    },
    "node_modules/domutils": {
      "version": "2.6.0",
      "resolved": "https://registry.npmjs.org/domutils/-/domutils-2.6.0.tgz",
      "integrity": "sha512-y0BezHuy4MDYxh6OvolXYsH+1EMGmFbwv5FKW7ovwMG6zTPWqNPq3WF9ayZssFq+UlKdffGLbOEaghNdaOm1WA==",
      "dependencies": {
        "dom-serializer": "^1.0.1",
        "domelementtype": "^2.2.0",
        "domhandler": "^4.2.0"
      },
      "funding": {
        "url": "https://github.com/fb55/domutils?sponsor=1"
      }
    },
    "node_modules/endianness": {
      "version": "8.0.2",
      "resolved": "https://registry.npmjs.org/endianness/-/endianness-8.0.2.tgz",
      "integrity": "sha512-IU+77+jJ7lpw2qZ3NUuqBZFy3GuioNgXUdsL1L9tooDNTaw0TgOnwNuc+8Ns+haDaTifK97QLzmOANJtI/rGvw==",
      "engines": {
        "node": ">=8"
      }
    },
    "node_modules/entities": {
      "version": "2.2.0",
      "resolved": "https://registry.npmjs.org/entities/-/entities-2.2.0.tgz",
      "integrity": "sha512-p92if5Nz619I0w+akJrLZH0MX0Pb5DX39XOwQTtXSdQQOaYH03S1uIQp4mhOZtAXrxq4ViO67YTiLBo2638o9A==",
      "funding": {
        "url": "https://github.com/fb55/entities?sponsor=1"
      }
    },
    "node_modules/eventemitter3": {
      "version": "4.0.7",
      "resolved": "https://registry.npmjs.org/eventemitter3/-/eventemitter3-4.0.7.tgz",
      "integrity": "sha512-8guHBZCwKnFhYdHr2ysuRWErTwhoN2X8XELRlrRwpmfeY2jjuUN4taQMsULKUVo1K4DvZl+0pgfyoysHxvmvEw=="
    },
    "node_modules/exit-hook": {
      "version": "2.2.1",
      "resolved": "https://registry.npmjs.org/exit-hook/-/exit-hook-2.2.1.tgz",
      "integrity": "sha512-eNTPlAD67BmP31LDINZ3U7HSF8l57TxOY2PmBJ1shpCvpnxBF93mWCE8YHBnXs8qiUZJc9WDcWIeC3a2HIAMfw==",
      "engines": {
        "node": ">=6"
      },
      "funding": {
        "url": "https://github.com/sponsors/sindresorhus"
      }
    },
    "node_modules/form-data": {
      "version": "3.0.1",
      "resolved": "https://registry.npmjs.org/form-data/-/form-data-3.0.1.tgz",
      "integrity": "sha512-RHkBKtLWUVwd7SqRIvCZMEvAMoGUp0XU+seQiZejj0COz3RI3hWP4sCv3gZWWLjJTd7rGwcsF5eKZGii0r/hbg==",
      "dependencies": {
        "asynckit": "^0.4.0",
        "combined-stream": "^1.0.8",
        "mime-types": "^2.1.12"
      },
      "engines": {
        "node": ">= 6"
      }
    },
    "node_modules/hjson": {
      "version": "3.2.2",
      "resolved": "https://registry.npmjs.org/hjson/-/hjson-3.2.2.tgz",
      "integrity": "sha512-MkUeB0cTIlppeSsndgESkfFD21T2nXPRaBStLtf3cAYA2bVEFdXlodZB0TukwZiobPD1Ksax5DK4RTZeaXCI3Q==",
      "bin": {
        "hjson": "bin/hjson"
      }
    },
    "node_modules/htmlparser2": {
      "version": "6.1.0",
      "resolved": "https://registry.npmjs.org/htmlparser2/-/htmlparser2-6.1.0.tgz",
      "integrity": "sha512-gyyPk6rgonLFEDGoeRgQNaEUvdJ4ktTmmUh/h2t7s+M8oPpIPxgNACWa+6ESR57kXstwqPiCut0V8NRpcwgU7A==",
      "funding": [
        "https://github.com/fb55/htmlparser2?sponsor=1",
        {
          "type": "github",
          "url": "https://github.com/sponsors/fb55"
        }
      ],
      "dependencies": {
        "domelementtype": "^2.0.1",
        "domhandler": "^4.0.0",
        "domutils": "^2.5.2",
        "entities": "^2.0.0"
      }
    },
    "node_modules/ieee754-buffer": {
      "version": "0.2.1",
      "resolved": "https://registry.npmjs.org/ieee754-buffer/-/ieee754-buffer-0.2.1.tgz",
      "integrity": "sha512-dDlJhYk8BAmH1HDncTjCt6xOm2+kT+MxGhRKB+mUoF8nocDzPAgZPEWTRI9QgkGvbDkbJgCqyxweGlIV0yhbUQ==",
      "engines": {
        "node": ">=8"
      }
    },
    "node_modules/imaadpcm": {
      "version": "4.1.2",
      "resolved": "https://registry.npmjs.org/imaadpcm/-/imaadpcm-4.1.2.tgz",
      "integrity": "sha512-7gwxe6lKCGitmkMtGbm1ecnt0Q59KcWwo7AVi2RAd3lQ9VghVN5zX5x3oK6xNhfD9KUMbaYzku43UBn3Ix3RIA==",
      "engines": {
        "node": ">=8"
      }
    },
    "node_modules/inherits": {
      "version": "2.0.4",
      "resolved": "https://registry.npmjs.org/inherits/-/inherits-2.0.4.tgz",
      "integrity": "sha512-k/vGaX4/Yla3WzyMCvTQOXYeIHvqOKtnqBduzTHpzpQZzAskKMhZ2K+EnBiSM9zGSoIFeMpXKxa4dYeZIQqewQ=="
    },
    "node_modules/is-running": {
      "version": "2.1.0",
      "resolved": "https://registry.npmjs.org/is-running/-/is-running-2.1.0.tgz",
      "integrity": "sha1-MKc/9cw4VOT8JUkICen1q/jeCeA="
    },
    "node_modules/isomorphic-ws": {
      "version": "4.0.1",
      "resolved": "https://registry.npmjs.org/isomorphic-ws/-/isomorphic-ws-4.0.1.tgz",
      "integrity": "sha512-BhBvN2MBpWTaSHdWRb/bwdZJ1WaehQ2L1KngkCkfLUGF0mAWAT1sQUQacEmQ0jXkFw/czDXPNQSL5u2/Krsz1w==",
      "peerDependencies": {
        "ws": "*"
      }
    },
    "node_modules/mime-db": {
      "version": "1.47.0",
      "resolved": "https://registry.npmjs.org/mime-db/-/mime-db-1.47.0.tgz",
      "integrity": "sha512-QBmA/G2y+IfeS4oktet3qRZ+P5kPhCKRXxXnQEudYqUaEioAU1/Lq2us3D/t1Jfo4hE9REQPrbB7K5sOczJVIw==",
      "engines": {
        "node": ">= 0.6"
      }
    },
    "node_modules/mime-types": {
      "version": "2.1.30",
      "resolved": "https://registry.npmjs.org/mime-types/-/mime-types-2.1.30.tgz",
      "integrity": "sha512-crmjA4bLtR8m9qLpHvgxSChT+XoSlZi8J4n/aIdn3z92e/U47Z0V/yl+Wh9W046GgFVAmoNR/fmdbZYcSSIUeg==",
      "dependencies": {
        "mime-db": "1.47.0"
      },
      "engines": {
        "node": ">= 0.6"
      }
    },
    "node_modules/ms": {
      "version": "2.1.2",
      "resolved": "https://registry.npmjs.org/ms/-/ms-2.1.2.tgz",
      "integrity": "sha512-sGkPx+VjMtmA6MX27oA4FBFELFCZZ4S4XqeGOXCv68tT+jb3vk/RyaKWP0PTKyWtmLSM0b+adUTEvbs1PEaH2w=="
    },
    "node_modules/nanotimer": {
      "version": "0.3.15",
      "resolved": "https://registry.npmjs.org/nanotimer/-/nanotimer-0.3.15.tgz",
      "integrity": "sha1-KA0nfbkUbspvilcLVyq68qmsx1Q="
    },
    "node_modules/node-fetch": {
      "version": "2.6.1",
      "resolved": "https://registry.npmjs.org/node-fetch/-/node-fetch-2.6.1.tgz",
      "integrity": "sha512-V4aYg89jEoVRxRb2fJdAg8FHvI7cEyYdVAh94HH0UIK8oJxUfkjlDQN9RbMx+bEjP7+ggMiFRprSti032Oipxw==",
      "engines": {
        "node": "4.x || >=6.0.0"
      }
    },
    "node_modules/nth-check": {
      "version": "2.0.0",
      "resolved": "https://registry.npmjs.org/nth-check/-/nth-check-2.0.0.tgz",
      "integrity": "sha512-i4sc/Kj8htBrAiH1viZ0TgU8Y5XqCaV/FziYK6TBczxmeKm3AEFWqqF3195yKudrarqy7Zu80Ra5dobFjn9X/Q==",
      "dependencies": {
        "boolbase": "^1.0.0"
      },
      "funding": {
        "url": "https://github.com/fb55/nth-check?sponsor=1"
      }
    },
    "node_modules/obs-websocket-js": {
      "version": "4.0.2",
      "resolved": "https://registry.npmjs.org/obs-websocket-js/-/obs-websocket-js-4.0.2.tgz",
      "integrity": "sha512-e+tGp0DQNXSnitc5lfuzEC1dG3VdWy7VLePUVb6aq7bC33Sgjoi695k0eOg4UPTIQI71Z9aJ+yn3nvBX9dQkEg==",
      "dependencies": {
        "debug": "^4.1.0",
        "isomorphic-ws": "^4.0.1",
        "sha.js": "^2.4.9",
        "ws": "^7.2.0"
      }
    },
    "node_modules/parse5": {
      "version": "6.0.1",
      "resolved": "https://registry.npmjs.org/parse5/-/parse5-6.0.1.tgz",
      "integrity": "sha512-Ofn/CTFzRGTTxwpNEs9PP93gXShHcTq255nzRYSKe8AkVpZY7e1fpmTfOyoIvjP5HG7Z2ZM7VS9PPhQGW2pOpw=="
    },
    "node_modules/parse5-htmlparser2-tree-adapter": {
      "version": "6.0.1",
      "resolved": "https://registry.npmjs.org/parse5-htmlparser2-tree-adapter/-/parse5-htmlparser2-tree-adapter-6.0.1.tgz",
      "integrity": "sha512-qPuWvbLgvDGilKc5BoicRovlT4MtYT6JfJyBOMDsKoiT+GiuP5qyrPCnR9HcPECIJJmZh5jRndyNThnhhb/vlA==",
      "dependencies": {
        "parse5": "^6.0.1"
      }
    },
    "node_modules/safe-buffer": {
      "version": "5.2.1",
      "resolved": "https://registry.npmjs.org/safe-buffer/-/safe-buffer-5.2.1.tgz",
      "integrity": "sha512-rp3So07KcdmmKbGvgaNxQSJr7bGVSVk5S9Eq1F+ppbRo70+YeaDxkw5Dd8NPN+GD6bjnYm2VuPuCXmpuYvmCXQ==",
      "funding": [
        {
          "type": "github",
          "url": "https://github.com/sponsors/feross"
        },
        {
          "type": "patreon",
          "url": "https://www.patreon.com/feross"
        },
        {
          "type": "consulting",
          "url": "https://feross.org/support"
        }
      ]
    },
    "node_modules/sha.js": {
      "version": "2.4.11",
      "resolved": "https://registry.npmjs.org/sha.js/-/sha.js-2.4.11.tgz",
      "integrity": "sha512-QMEp5B7cftE7APOjk5Y6xgrbWu+WkLVQwk8JNjZ8nKRciZaByEW6MubieAiToS7+dwvrjGhH8jRXz3MVd0AYqQ==",
      "dependencies": {
        "inherits": "^2.0.1",
        "safe-buffer": "^5.0.1"
      },
      "bin": {
        "sha.js": "bin.js"
      }
    },
    "node_modules/threadedclass": {
      "version": "0.8.3",
      "resolved": "https://registry.npmjs.org/threadedclass/-/threadedclass-0.8.3.tgz",
      "integrity": "sha512-cI6tVYRIIVYxFG7Nykt8NMVflrrdMvyvzAQfgAZdARdU/PaFSGd5Y7wChvJ3DXLsLiFb3datLhfn26K5DTKf+A==",
      "dependencies": {
        "callsites": "^3.1.0",
        "eventemitter3": "^4.0.4",
        "is-running": "^2.1.0",
        "tslib": "^1.13.0"
      },
      "engines": {
        "node": ">=8.0"
      }
    },
    "node_modules/threadedclass/node_modules/tslib": {
      "version": "1.14.1",
      "resolved": "https://registry.npmjs.org/tslib/-/tslib-1.14.1.tgz",
      "integrity": "sha512-Xni35NKzjgMrwevysHTCArtLDpPvye8zV/0E4EyYn43P7/7qvQwPh9BGkHewbMulVntbigmcT7rdX3BNo9wRJg=="
    },
    "node_modules/tslib": {
      "version": "2.2.0",
      "resolved": "https://registry.npmjs.org/tslib/-/tslib-2.2.0.tgz",
      "integrity": "sha512-gS9GVHRU+RGn5KQM2rllAlR3dU6m7AcpJKdtH8gFvQiC4Otgk98XnmMU+nZenHt/+VhnBPWwgrJsyrdcw6i23w=="
    },
    "node_modules/twos-complement-buffer": {
      "version": "0.0.1",
      "resolved": "https://registry.npmjs.org/twos-complement-buffer/-/twos-complement-buffer-0.0.1.tgz",
      "integrity": "sha512-Ev3p2GfB2GO8pcyb7jIvctS9RAjSZrF/K+u5s3KN00ajY11Dda2oMqI72nXaHVU7doGYNXc0mJG6exWAbmzZiA==",
      "dependencies": {
        "uint-buffer": "^0.1.0"
      },
      "engines": {
        "node": ">=8"
      }
    },
    "node_modules/uint-buffer": {
      "version": "0.1.0",
      "resolved": "https://registry.npmjs.org/uint-buffer/-/uint-buffer-0.1.0.tgz",
      "integrity": "sha512-7xjpjCTijFIXAMxN7OMRfykpCMVfbCrlAmAt2RIlihvkHgvkNV5DBFzyc8OpIQeVpRXJkgXBwmKos4hD8DrX1g==",
      "engines": {
        "node": ">=8"
      }
    },
    "node_modules/utf8-buffer": {
      "version": "0.2.0",
      "resolved": "https://registry.npmjs.org/utf8-buffer/-/utf8-buffer-0.2.0.tgz",
      "integrity": "sha512-DygDeOmOPQRjxnnv8LdfjoSQgG9EgJFH1m/1QcrKkDOxzoOcLLqZ2ONzRYHmiRqJYQYnAvV+zv2Wgk5tXjr4aA==",
      "engines": {
        "node": ">=8"
      }
    },
    "node_modules/vex-tm-client": {
      "version": "0.0.1",
      "resolved": "https://registry.npmjs.org/vex-tm-client/-/vex-tm-client-0.0.1.tgz",
      "integrity": "sha512-Hm69Cd279yq3S2GaMVGzp+VlsmeYdAE5Vz6zIJkHQ7tmGWdr0bHI0+Syiw9ZFHPMbsSuVTn5qQ/GX2UBLt3Wbw==",
      "dependencies": {
        "@types/cheerio": "^0.22.16",
        "@types/node-fetch": "^2.5.4",
        "@types/ws": "^7.2.1",
        "cheerio": "^1.0.0-rc.3",
        "node-fetch": "^2.6.0",
        "ws": "^7.2.1"
      }
    },
    "node_modules/wavefile": {
      "version": "8.4.6",
      "resolved": "https://registry.npmjs.org/wavefile/-/wavefile-8.4.6.tgz",
      "integrity": "sha512-mKvPtkXTFE3U8Uo8qJr/hCJP3booCI09vsoWY3OHrdKB+8ZefO/5/wSRZSbPSgFDB+WWn3Am3c01h/sguTYuyA==",
      "dependencies": {
        "alawmulaw": "^5.0.2",
        "base64-arraybuffer-es6": "^0.3.1",
        "bitdepth": "^7.0.2",
        "byte-data": "^16.0.3",
        "imaadpcm": "^4.1.2"
      },
      "bin": {
        "wavefile": "bin/wavefile.js"
      },
      "engines": {
        "node": ">=8"
      }
    },
    "node_modules/ws": {
      "version": "7.4.5",
      "resolved": "https://registry.npmjs.org/ws/-/ws-7.4.5.tgz",
      "integrity": "sha512-xzyu3hFvomRfXKH8vOFMU3OguG6oOvhXMo3xsGy3xWExqaM2dxBbVxuD99O7m3ZUFMvvscsZDqxfgMaRr/Nr1g==",
      "engines": {
        "node": ">=8.3.0"
      },
      "peerDependencies": {
        "bufferutil": "^4.0.1",
        "utf-8-validate": "^5.0.2"
      },
      "peerDependenciesMeta": {
        "bufferutil": {
          "optional": true
        },
        "utf-8-validate": {
          "optional": true
        }
      }
    }
  },
  "dependencies": {
    "@types/cheerio": {
      "version": "0.22.28",
      "resolved": "https://registry.npmjs.org/@types/cheerio/-/cheerio-0.22.28.tgz",
      "integrity": "sha512-ehUMGSW5IeDxJjbru4awKYMlKGmo1wSSGUVqXtYwlgmUM8X1a0PZttEIm6yEY7vHsY/hh6iPnklF213G0UColw==",
      "requires": {
        "@types/node": "*"
      }
    },
    "@types/node": {
      "version": "15.3.0",
      "resolved": "https://registry.npmjs.org/@types/node/-/node-15.3.0.tgz",
      "integrity": "sha512-8/bnjSZD86ZfpBsDlCIkNXIvm+h6wi9g7IqL+kmFkQ+Wvu3JrasgLElfiPgoo8V8vVfnEi0QVS12gbl94h9YsQ=="
    },
    "@types/node-fetch": {
      "version": "2.5.10",
      "resolved": "https://registry.npmjs.org/@types/node-fetch/-/node-fetch-2.5.10.tgz",
      "integrity": "sha512-IpkX0AasN44hgEad0gEF/V6EgR5n69VEqPEgnmoM8GsIGro3PowbWs4tR6IhxUTyPLpOn+fiGG6nrQhcmoCuIQ==",
      "requires": {
        "@types/node": "*",
        "form-data": "^3.0.0"
      }
    },
    "@types/ws": {
      "version": "7.4.4",
      "resolved": "https://registry.npmjs.org/@types/ws/-/ws-7.4.4.tgz",
      "integrity": "sha512-d/7W23JAXPodQNbOZNXvl2K+bqAQrCMwlh/nuQsPSQk6Fq0opHoPrUw43aHsvSbIiQPr8Of2hkFbnz1XBFVyZQ==",
      "requires": {
        "@types/node": "*"
      }
    },
    "alawmulaw": {
      "version": "5.0.2",
      "resolved": "https://registry.npmjs.org/alawmulaw/-/alawmulaw-5.0.2.tgz",
      "integrity": "sha512-W3bWBB7MwTNGALlAKbOxe+tMNW9DpqGsv1V1idGPzctnBH++eS+Dx3UuucHNe5nk38WvAuy0sgMAbS5idHCArw=="
    },
    "asynckit": {
      "version": "0.4.0",
      "resolved": "https://registry.npmjs.org/asynckit/-/asynckit-0.4.0.tgz",
      "integrity": "sha1-x57Zf380y48robyXkLzDZkdLS3k="
    },
    "atem-connection": {
      "version": "2.2.2",
      "resolved": "https://registry.npmjs.org/atem-connection/-/atem-connection-2.2.2.tgz",
      "integrity": "sha512-p/Diwsjymv1y7FvBzDSY4Yq06+8vZ03QEoxrcoFlNrYI6WCsCt64MeoBAQu5TEExGXLwffksQyyXbQUOEU4qNw==",
      "requires": {
        "big-integer": "^1.6.48",
        "eventemitter3": "^4.0.4",
        "exit-hook": "^2.0.0",
        "nanotimer": "^0.3.15",
        "threadedclass": "^0.8.0",
        "tslib": "^1.13.0",
        "wavefile": "^8.4.4"
      },
      "dependencies": {
        "tslib": {
          "version": "1.14.1",
          "resolved": "https://registry.npmjs.org/tslib/-/tslib-1.14.1.tgz",
          "integrity": "sha512-Xni35NKzjgMrwevysHTCArtLDpPvye8zV/0E4EyYn43P7/7qvQwPh9BGkHewbMulVntbigmcT7rdX3BNo9wRJg=="
        }
      }
    },
    "base64-arraybuffer-es6": {
      "version": "0.3.1",
      "resolved": "https://registry.npmjs.org/base64-arraybuffer-es6/-/base64-arraybuffer-es6-0.3.1.tgz",
      "integrity": "sha512-TrhBheudYaff9adiTAqjSScjvtmClQ4vF9l4cqkPNkVsA11m4/NRdH4LkZ/tAMmpzzwfI20BXnJ/PTtafECCNA=="
    },
    "big-integer": {
      "version": "1.6.48",
      "resolved": "https://registry.npmjs.org/big-integer/-/big-integer-1.6.48.tgz",
      "integrity": "sha512-j51egjPa7/i+RdiRuJbPdJ2FIUYYPhvYLjzoYbcMMm62ooO6F94fETG4MTs46zPAF9Brs04OajboA/qTGuz78w=="
    },
    "bitdepth": {
      "version": "7.0.2",
      "resolved": "https://registry.npmjs.org/bitdepth/-/bitdepth-7.0.2.tgz",
      "integrity": "sha512-Ed11TL4IIWyUEoQTfkbRBDCgDNurxYzFgmk30ZU6SgNCsysoEx7UMm+g7SDFHxA2lhLbWyjV8T1ab3z0BtYOAw=="
    },
    "boolbase": {
      "version": "1.0.0",
      "resolved": "https://registry.npmjs.org/boolbase/-/boolbase-1.0.0.tgz",
      "integrity": "sha1-aN/1++YMUes3cl6p4+0xDcwed24="
    },
    "byte-data": {
      "version": "16.0.3",
      "resolved": "https://registry.npmjs.org/byte-data/-/byte-data-16.0.3.tgz",
      "integrity": "sha512-IzV3mzv8OnnzPdb9CoESQr2ikPX/gkHUesRu+vff9XB7KwMxyflPDewtPFWXPvF+Xukl52ceor2IRLbnQZf3PQ==",
      "requires": {
        "endianness": "^8.0.2",
        "ieee754-buffer": "^0.2.1",
        "twos-complement-buffer": "0.0.1",
        "uint-buffer": "^0.1.0",
        "utf8-buffer": "^0.2.0"
      }
    },
    "callsites": {
      "version": "3.1.0",
      "resolved": "https://registry.npmjs.org/callsites/-/callsites-3.1.0.tgz",
      "integrity": "sha512-P8BjAsXvZS+VIDUI11hHCQEv74YT67YUi5JJFNWIqL235sBmjX4+qx9Muvls5ivyNENctx46xQLQ3aTuE7ssaQ=="
    },
    "cheerio": {
      "version": "1.0.0-rc.9",
      "resolved": "https://registry.npmjs.org/cheerio/-/cheerio-1.0.0-rc.9.tgz",
      "integrity": "sha512-QF6XVdrLONO6DXRF5iaolY+odmhj2CLj+xzNod7INPWMi/x9X4SOylH0S/vaPpX+AUU6t04s34SQNh7DbkuCng==",
      "requires": {
        "cheerio-select": "^1.4.0",
        "dom-serializer": "^1.3.1",
        "domhandler": "^4.2.0",
        "htmlparser2": "^6.1.0",
        "parse5": "^6.0.1",
        "parse5-htmlparser2-tree-adapter": "^6.0.1",
        "tslib": "^2.2.0"
      }
    },
    "cheerio-select": {
      "version": "1.4.0",
      "resolved": "https://registry.npmjs.org/cheerio-select/-/cheerio-select-1.4.0.tgz",
      "integrity": "sha512-sobR3Yqz27L553Qa7cK6rtJlMDbiKPdNywtR95Sj/YgfpLfy0u6CGJuaBKe5YE/vTc23SCRKxWSdlon/w6I/Ew==",
      "requires": {
        "css-select": "^4.1.2",
        "css-what": "^5.0.0",
        "domelementtype": "^2.2.0",
        "domhandler": "^4.2.0",
        "domutils": "^2.6.0"
      }
    },
    "combined-stream": {
      "version": "1.0.8",
      "resolved": "https://registry.npmjs.org/combined-stream/-/combined-stream-1.0.8.tgz",
      "integrity": "sha512-FQN4MRfuJeHf7cBbBMJFXhKSDq+2kAArBlmRBvcvFE5BB1HZKXtSFASDhdlz9zOYwxh8lDdnvmMOe/+5cdoEdg==",
      "requires": {
        "delayed-stream": "~1.0.0"
      }
    },
    "css-select": {
      "version": "4.1.2",
      "resolved": "https://registry.npmjs.org/css-select/-/css-select-4.1.2.tgz",
      "integrity": "sha512-nu5ye2Hg/4ISq4XqdLY2bEatAcLIdt3OYGFc9Tm9n7VSlFBcfRv0gBNksHRgSdUDQGtN3XrZ94ztW+NfzkFSUw==",
      "requires": {
        "boolbase": "^1.0.0",
        "css-what": "^5.0.0",
        "domhandler": "^4.2.0",
        "domutils": "^2.6.0",
        "nth-check": "^2.0.0"
      }
    },
    "css-what": {
      "version": "5.0.0",
      "resolved": "https://registry.npmjs.org/css-what/-/css-what-5.0.0.tgz",
      "integrity": "sha512-qxyKHQvgKwzwDWC/rGbT821eJalfupxYW2qbSJSAtdSTimsr/MlaGONoNLllaUPZWf8QnbcKM/kPVYUQuEKAFA=="
    },
    "debug": {
      "version": "4.3.1",
      "resolved": "https://registry.npmjs.org/debug/-/debug-4.3.1.tgz",
      "integrity": "sha512-doEwdvm4PCeK4K3RQN2ZC2BYUBaxwLARCqZmMjtF8a51J2Rb0xpVloFRnCODwqjpwnAoao4pelN8l3RJdv3gRQ==",
      "requires": {
        "ms": "2.1.2"
      }
    },
    "delayed-stream": {
      "version": "1.0.0",
      "resolved": "https://registry.npmjs.org/delayed-stream/-/delayed-stream-1.0.0.tgz",
      "integrity": "sha1-3zrhmayt+31ECqrgsp4icrJOxhk="
    },
    "dom-serializer": {
      "version": "1.3.2",
      "resolved": "https://registry.npmjs.org/dom-serializer/-/dom-serializer-1.3.2.tgz",
      "integrity": "sha512-5c54Bk5Dw4qAxNOI1pFEizPSjVsx5+bpJKmL2kPn8JhBUq2q09tTCa3mjijun2NfK78NMouDYNMBkOrPZiS+ig==",
      "requires": {
        "domelementtype": "^2.0.1",
        "domhandler": "^4.2.0",
        "entities": "^2.0.0"
      }
    },
    "domelementtype": {
      "version": "2.2.0",
      "resolved": "https://registry.npmjs.org/domelementtype/-/domelementtype-2.2.0.tgz",
      "integrity": "sha512-DtBMo82pv1dFtUmHyr48beiuq792Sxohr+8Hm9zoxklYPfa6n0Z3Byjj2IV7bmr2IyqClnqEQhfgHJJ5QF0R5A=="
    },
    "domhandler": {
      "version": "4.2.0",
      "resolved": "https://registry.npmjs.org/domhandler/-/domhandler-4.2.0.tgz",
      "integrity": "sha512-zk7sgt970kzPks2Bf+dwT/PLzghLnsivb9CcxkvR8Mzr66Olr0Ofd8neSbglHJHaHa2MadfoSdNlKYAaafmWfA==",
      "requires": {
        "domelementtype": "^2.2.0"
      }
    },
    "domutils": {
      "version": "2.6.0",
      "resolved": "https://registry.npmjs.org/domutils/-/domutils-2.6.0.tgz",
      "integrity": "sha512-y0BezHuy4MDYxh6OvolXYsH+1EMGmFbwv5FKW7ovwMG6zTPWqNPq3WF9ayZssFq+UlKdffGLbOEaghNdaOm1WA==",
      "requires": {
        "dom-serializer": "^1.0.1",
        "domelementtype": "^2.2.0",
        "domhandler": "^4.2.0"
      }
    },
    "endianness": {
      "version": "8.0.2",
      "resolved": "https://registry.npmjs.org/endianness/-/endianness-8.0.2.tgz",
      "integrity": "sha512-IU+77+jJ7lpw2qZ3NUuqBZFy3GuioNgXUdsL1L9tooDNTaw0TgOnwNuc+8Ns+haDaTifK97QLzmOANJtI/rGvw=="
    },
    "entities": {
      "version": "2.2.0",
      "resolved": "https://registry.npmjs.org/entities/-/entities-2.2.0.tgz",
      "integrity": "sha512-p92if5Nz619I0w+akJrLZH0MX0Pb5DX39XOwQTtXSdQQOaYH03S1uIQp4mhOZtAXrxq4ViO67YTiLBo2638o9A=="
    },
    "eventemitter3": {
      "version": "4.0.7",
      "resolved": "https://registry.npmjs.org/eventemitter3/-/eventemitter3-4.0.7.tgz",
      "integrity": "sha512-8guHBZCwKnFhYdHr2ysuRWErTwhoN2X8XELRlrRwpmfeY2jjuUN4taQMsULKUVo1K4DvZl+0pgfyoysHxvmvEw=="
    },
    "exit-hook": {
      "version": "2.2.1",
      "resolved": "https://registry.npmjs.org/exit-hook/-/exit-hook-2.2.1.tgz",
      "integrity": "sha512-eNTPlAD67BmP31LDINZ3U7HSF8l57TxOY2PmBJ1shpCvpnxBF93mWCE8YHBnXs8qiUZJc9WDcWIeC3a2HIAMfw=="
    },
    "form-data": {
      "version": "3.0.1",
      "resolved": "https://registry.npmjs.org/form-data/-/form-data-3.0.1.tgz",
      "integrity": "sha512-RHkBKtLWUVwd7SqRIvCZMEvAMoGUp0XU+seQiZejj0COz3RI3hWP4sCv3gZWWLjJTd7rGwcsF5eKZGii0r/hbg==",
      "requires": {
        "asynckit": "^0.4.0",
        "combined-stream": "^1.0.8",
        "mime-types": "^2.1.12"
      }
    },
    "hjson": {
      "version": "3.2.2",
      "resolved": "https://registry.npmjs.org/hjson/-/hjson-3.2.2.tgz",
      "integrity": "sha512-MkUeB0cTIlppeSsndgESkfFD21T2nXPRaBStLtf3cAYA2bVEFdXlodZB0TukwZiobPD1Ksax5DK4RTZeaXCI3Q=="
    },
    "htmlparser2": {
      "version": "6.1.0",
      "resolved": "https://registry.npmjs.org/htmlparser2/-/htmlparser2-6.1.0.tgz",
      "integrity": "sha512-gyyPk6rgonLFEDGoeRgQNaEUvdJ4ktTmmUh/h2t7s+M8oPpIPxgNACWa+6ESR57kXstwqPiCut0V8NRpcwgU7A==",
      "requires": {
        "domelementtype": "^2.0.1",
        "domhandler": "^4.0.0",
        "domutils": "^2.5.2",
        "entities": "^2.0.0"
      }
    },
    "ieee754-buffer": {
      "version": "0.2.1",
      "resolved": "https://registry.npmjs.org/ieee754-buffer/-/ieee754-buffer-0.2.1.tgz",
      "integrity": "sha512-dDlJhYk8BAmH1HDncTjCt6xOm2+kT+MxGhRKB+mUoF8nocDzPAgZPEWTRI9QgkGvbDkbJgCqyxweGlIV0yhbUQ=="
    },
    "imaadpcm": {
      "version": "4.1.2",
      "resolved": "https://registry.npmjs.org/imaadpcm/-/imaadpcm-4.1.2.tgz",
      "integrity": "sha512-7gwxe6lKCGitmkMtGbm1ecnt0Q59KcWwo7AVi2RAd3lQ9VghVN5zX5x3oK6xNhfD9KUMbaYzku43UBn3Ix3RIA=="
    },
    "inherits": {
      "version": "2.0.4",
      "resolved": "https://registry.npmjs.org/inherits/-/inherits-2.0.4.tgz",
      "integrity": "sha512-k/vGaX4/Yla3WzyMCvTQOXYeIHvqOKtnqBduzTHpzpQZzAskKMhZ2K+EnBiSM9zGSoIFeMpXKxa4dYeZIQqewQ=="
    },
    "is-running": {
      "version": "2.1.0",
      "resolved": "https://registry.npmjs.org/is-running/-/is-running-2.1.0.tgz",
      "integrity": "sha1-MKc/9cw4VOT8JUkICen1q/jeCeA="
    },
    "isomorphic-ws": {
      "version": "4.0.1",
      "resolved": "https://registry.npmjs.org/isomorphic-ws/-/isomorphic-ws-4.0.1.tgz",
      "integrity": "sha512-BhBvN2MBpWTaSHdWRb/bwdZJ1WaehQ2L1KngkCkfLUGF0mAWAT1sQUQacEmQ0jXkFw/czDXPNQSL5u2/Krsz1w==",
      "requires": {}
    },
    "mime-db": {
      "version": "1.47.0",
      "resolved": "https://registry.npmjs.org/mime-db/-/mime-db-1.47.0.tgz",
      "integrity": "sha512-QBmA/G2y+IfeS4oktet3qRZ+P5kPhCKRXxXnQEudYqUaEioAU1/Lq2us3D/t1Jfo4hE9REQPrbB7K5sOczJVIw=="
    },
    "mime-types": {
      "version": "2.1.30",
      "resolved": "https://registry.npmjs.org/mime-types/-/mime-types-2.1.30.tgz",
      "integrity": "sha512-crmjA4bLtR8m9qLpHvgxSChT+XoSlZi8J4n/aIdn3z92e/U47Z0V/yl+Wh9W046GgFVAmoNR/fmdbZYcSSIUeg==",
      "requires": {
        "mime-db": "1.47.0"
      }
    },
    "ms": {
      "version": "2.1.2",
      "resolved": "https://registry.npmjs.org/ms/-/ms-2.1.2.tgz",
      "integrity": "sha512-sGkPx+VjMtmA6MX27oA4FBFELFCZZ4S4XqeGOXCv68tT+jb3vk/RyaKWP0PTKyWtmLSM0b+adUTEvbs1PEaH2w=="
    },
    "nanotimer": {
      "version": "0.3.15",
      "resolved": "https://registry.npmjs.org/nanotimer/-/nanotimer-0.3.15.tgz",
      "integrity": "sha1-KA0nfbkUbspvilcLVyq68qmsx1Q="
    },
    "node-fetch": {
      "version": "2.6.1",
      "resolved": "https://registry.npmjs.org/node-fetch/-/node-fetch-2.6.1.tgz",
      "integrity": "sha512-V4aYg89jEoVRxRb2fJdAg8FHvI7cEyYdVAh94HH0UIK8oJxUfkjlDQN9RbMx+bEjP7+ggMiFRprSti032Oipxw=="
    },
    "nth-check": {
      "version": "2.0.0",
      "resolved": "https://registry.npmjs.org/nth-check/-/nth-check-2.0.0.tgz",
      "integrity": "sha512-i4sc/Kj8htBrAiH1viZ0TgU8Y5XqCaV/FziYK6TBczxmeKm3AEFWqqF3195yKudrarqy7Zu80Ra5dobFjn9X/Q==",
      "requires": {
        "boolbase": "^1.0.0"
      }
    },
    "obs-websocket-js": {
      "version": "4.0.2",
      "resolved": "https://registry.npmjs.org/obs-websocket-js/-/obs-websocket-js-4.0.2.tgz",
      "integrity": "sha512-e+tGp0DQNXSnitc5lfuzEC1dG3VdWy7VLePUVb6aq7bC33Sgjoi695k0eOg4UPTIQI71Z9aJ+yn3nvBX9dQkEg==",
      "requires": {
        "debug": "^4.1.0",
        "isomorphic-ws": "^4.0.1",
        "sha.js": "^2.4.9",
        "ws": "^7.2.0"
      }
    },
    "parse5": {
      "version": "6.0.1",
      "resolved": "https://registry.npmjs.org/parse5/-/parse5-6.0.1.tgz",
      "integrity": "sha512-Ofn/CTFzRGTTxwpNEs9PP93gXShHcTq255nzRYSKe8AkVpZY7e1fpmTfOyoIvjP5HG7Z2ZM7VS9PPhQGW2pOpw=="
    },
    "parse5-htmlparser2-tree-adapter": {
      "version": "6.0.1",
      "resolved": "https://registry.npmjs.org/parse5-htmlparser2-tree-adapter/-/parse5-htmlparser2-tree-adapter-6.0.1.tgz",
      "integrity": "sha512-qPuWvbLgvDGilKc5BoicRovlT4MtYT6JfJyBOMDsKoiT+GiuP5qyrPCnR9HcPECIJJmZh5jRndyNThnhhb/vlA==",
      "requires": {
        "parse5": "^6.0.1"
      }
    },
    "safe-buffer": {
      "version": "5.2.1",
      "resolved": "https://registry.npmjs.org/safe-buffer/-/safe-buffer-5.2.1.tgz",
      "integrity": "sha512-rp3So07KcdmmKbGvgaNxQSJr7bGVSVk5S9Eq1F+ppbRo70+YeaDxkw5Dd8NPN+GD6bjnYm2VuPuCXmpuYvmCXQ=="
    },
    "sha.js": {
      "version": "2.4.11",
      "resolved": "https://registry.npmjs.org/sha.js/-/sha.js-2.4.11.tgz",
      "integrity": "sha512-QMEp5B7cftE7APOjk5Y6xgrbWu+WkLVQwk8JNjZ8nKRciZaByEW6MubieAiToS7+dwvrjGhH8jRXz3MVd0AYqQ==",
      "requires": {
        "inherits": "^2.0.1",
        "safe-buffer": "^5.0.1"
      }
    },
    "threadedclass": {
      "version": "0.8.3",
      "resolved": "https://registry.npmjs.org/threadedclass/-/threadedclass-0.8.3.tgz",
      "integrity": "sha512-cI6tVYRIIVYxFG7Nykt8NMVflrrdMvyvzAQfgAZdARdU/PaFSGd5Y7wChvJ3DXLsLiFb3datLhfn26K5DTKf+A==",
      "requires": {
        "callsites": "^3.1.0",
        "eventemitter3": "^4.0.4",
        "is-running": "^2.1.0",
        "tslib": "^1.13.0"
      },
      "dependencies": {
        "tslib": {
          "version": "1.14.1",
          "resolved": "https://registry.npmjs.org/tslib/-/tslib-1.14.1.tgz",
          "integrity": "sha512-Xni35NKzjgMrwevysHTCArtLDpPvye8zV/0E4EyYn43P7/7qvQwPh9BGkHewbMulVntbigmcT7rdX3BNo9wRJg=="
        }
      }
    },
    "tslib": {
      "version": "2.2.0",
      "resolved": "https://registry.npmjs.org/tslib/-/tslib-2.2.0.tgz",
      "integrity": "sha512-gS9GVHRU+RGn5KQM2rllAlR3dU6m7AcpJKdtH8gFvQiC4Otgk98XnmMU+nZenHt/+VhnBPWwgrJsyrdcw6i23w=="
    },
    "twos-complement-buffer": {
      "version": "0.0.1",
      "resolved": "https://registry.npmjs.org/twos-complement-buffer/-/twos-complement-buffer-0.0.1.tgz",
      "integrity": "sha512-Ev3p2GfB2GO8pcyb7jIvctS9RAjSZrF/K+u5s3KN00ajY11Dda2oMqI72nXaHVU7doGYNXc0mJG6exWAbmzZiA==",
      "requires": {
        "uint-buffer": "^0.1.0"
      }
    },
    "uint-buffer": {
      "version": "0.1.0",
      "resolved": "https://registry.npmjs.org/uint-buffer/-/uint-buffer-0.1.0.tgz",
      "integrity": "sha512-7xjpjCTijFIXAMxN7OMRfykpCMVfbCrlAmAt2RIlihvkHgvkNV5DBFzyc8OpIQeVpRXJkgXBwmKos4hD8DrX1g=="
    },
    "utf8-buffer": {
      "version": "0.2.0",
      "resolved": "https://registry.npmjs.org/utf8-buffer/-/utf8-buffer-0.2.0.tgz",
      "integrity": "sha512-DygDeOmOPQRjxnnv8LdfjoSQgG9EgJFH1m/1QcrKkDOxzoOcLLqZ2ONzRYHmiRqJYQYnAvV+zv2Wgk5tXjr4aA=="
    },
    "vex-tm-client": {
      "version": "0.0.1",
      "resolved": "https://registry.npmjs.org/vex-tm-client/-/vex-tm-client-0.0.1.tgz",
      "integrity": "sha512-Hm69Cd279yq3S2GaMVGzp+VlsmeYdAE5Vz6zIJkHQ7tmGWdr0bHI0+Syiw9ZFHPMbsSuVTn5qQ/GX2UBLt3Wbw==",
      "requires": {
        "@types/cheerio": "^0.22.16",
        "@types/node-fetch": "^2.5.4",
        "@types/ws": "^7.2.1",
        "cheerio": "^1.0.0-rc.3",
        "node-fetch": "^2.6.0",
        "ws": "^7.2.1"
      }
    },
    "wavefile": {
      "version": "8.4.6",
      "resolved": "https://registry.npmjs.org/wavefile/-/wavefile-8.4.6.tgz",
      "integrity": "sha512-mKvPtkXTFE3U8Uo8qJr/hCJP3booCI09vsoWY3OHrdKB+8ZefO/5/wSRZSbPSgFDB+WWn3Am3c01h/sguTYuyA==",
      "requires": {
        "alawmulaw": "^5.0.2",
        "base64-arraybuffer-es6": "^0.3.1",
        "bitdepth": "^7.0.2",
        "byte-data": "^16.0.3",
        "imaadpcm": "^4.1.2"
      }
    },
    "ws": {
      "version": "7.4.5",
      "resolved": "https://registry.npmjs.org/ws/-/ws-7.4.5.tgz",
      "integrity": "sha512-xzyu3hFvomRfXKH8vOFMU3OguG6oOvhXMo3xsGy3xWExqaM2dxBbVxuD99O7m3ZUFMvvscsZDqxfgMaRr/Nr1g==",
      "requires": {}
    }
  }
}
